
Microsoft Visual Studio Solution File, Format Version 12.00
Project("{FAE04EC0-301F-11D3-BF4B-00C04F79EFBC}") = "PrintMetadataRelocator", "PrintMetadataRelocator.csproj", "{4E42A70F-FB48-4E22-99DE-5710C13E5E86}"
EndProject
Global
	GlobalSection(SolutionConfigurationPlatforms) = preSolution
		Debug|Any CPU = Debug|Any CPU
		Release|Any CPU = Release|Any CPU
	EndGlobalSection
	GlobalSection(ProjectConfigurationPlatforms) = postSolution
		{4E42A70F-FB48-4E22-99DE-5710C13E5E86}.Debug|Any CPU.ActiveCfg = Debug|Any CPU
		{4E42A70F-FB48-4E22-99DE-5710C13E5E86}.Debug|Any CPU.Build.0 = Debug|Any CPU
		{4E42A70F-FB48-4E22-99DE-5710C13E5E86}.Release|Any CPU.ActiveCfg = Release|Any CPU
		{4E42A70F-FB48-4E22-99DE-5710C13E5E86}.Release|Any CPU.Build.0 = Release|Any CPU
	EndGlobalSection
EndGlobal
